
Microsoft Visual Studio Solution File, Format Version 12.00
# Visual Studio Version 16
VisualStudioVersion = 16.0.35826.135
MinimumVisualStudioVersion = 10.0.40219.1
Project("{FAE04EC0-301F-11D3-BF4B-00C04F79EFBC}") = "HaliSahaKiralama", "HaliSahaKiralama\HaliSahaKiralama.csproj", "{EE15D96A-FDFD-4737-82ED-40AAC7936E94}"
EndProject
Project("{54435603-DBB4-11D2-8724-00A0C9A8B90C}") = "HaliSahaKiralamaSetup", "..\Users\ASUS TUF\Desktop\HaliSahaKiralamaSetup\HaliSahaKiralamaSetup\HaliSahaKiralamaSetup.vdproj", "{EC6AD239-8E2B-4857-B826-82AF4AA563AD}"
EndProject
Global
	GlobalSection(SolutionConfigurationPlatforms) = preSolution
		Debug|Any CPU = Debug|Any CPU
		Debug|x64 = Debug|x64
		Release|Any CPU = Release|Any CPU
		Release|x64 = Release|x64
	EndGlobalSection
	GlobalSection(ProjectConfigurationPlatforms) = postSolution
		{EE15D96A-FDFD-4737-82ED-40AAC7936E94}.Debug|Any CPU.ActiveCfg = Debug|Any CPU
		{EE15D96A-FDFD-4737-82ED-40AAC7936E94}.Debug|Any CPU.Build.0 = Debug|Any CPU
		{EE15D96A-FDFD-4737-82ED-40AAC7936E94}.Debug|x64.ActiveCfg = Debug|x64
		{EE15D96A-FDFD-4737-82ED-40AAC7936E94}.Debug|x64.Build.0 = Debug|x64
		{EE15D96A-FDFD-4737-82ED-40AAC7936E94}.Release|Any CPU.ActiveCfg = Release|Any CPU
		{EE15D96A-FDFD-4737-82ED-40AAC7936E94}.Release|Any CPU.Build.0 = Release|Any CPU
		{EE15D96A-FDFD-4737-82ED-40AAC7936E94}.Release|x64.ActiveCfg = Release|x64
		{EE15D96A-FDFD-4737-82ED-40AAC7936E94}.Release|x64.Build.0 = Release|x64
		{EC6AD239-8E2B-4857-B826-82AF4AA563AD}.Debug|Any CPU.ActiveCfg = Debug
		{EC6AD239-8E2B-4857-B826-82AF4AA563AD}.Debug|x64.ActiveCfg = Debug
		{EC6AD239-8E2B-4857-B826-82AF4AA563AD}.Release|Any CPU.ActiveCfg = Release
		{EC6AD239-8E2B-4857-B826-82AF4AA563AD}.Release|x64.ActiveCfg = Release
	EndGlobalSection
	GlobalSection(SolutionProperties) = preSolution
		HideSolutionNode = FALSE
	EndGlobalSection
	GlobalSection(ExtensibilityGlobals) = postSolution
		SolutionGuid = {8A7C3CC7-1444-4FF2-89B1-3E3FE57E9DF7}
	EndGlobalSection
EndGlobal
